PODS:
  - Flutter (1.0.0)
  - integration_test (0.0.1):
    - Flutter
  - loplat_plengi (0.0.1):
    - Flutter
    - Plengi (= 1.5.6-rc1)
  - permission_handler_apple (9.3.0):
    - Flutter
  - Plengi (1.5.6-rc1)
  - shared_preferences_foundation (0.0.1):
    - Flutter
    - FlutterMacOS
  - sqflite_darwin (0.0.4):
    - Flutter
    - FlutterMacOS

DEPENDENCIES:
  - Flutter (from `Flutter`)
  - integration_test (from `.symlinks/plugins/integration_test/ios`)
  - loplat_plengi (from `.symlinks/plugins/loplat_plengi/ios`)
  - permission_handler_apple (from `.symlinks/plugins/permission_handler_apple/ios`)
  - shared_preferences_foundation (from `.symlinks/plugins/shared_preferences_foundation/darwin`)
  - sqflite_darwin (from `.symlinks/plugins/sqflite_darwin/darwin`)

SPEC REPOS:
  trunk:
    - Plengi

EXTERNAL SOURCES:
  Flutter:
    :path: Flutter
  integration_test:
    :path: ".symlinks/plugins/integration_test/ios"
  loplat_plengi:
    :path: ".symlinks/plugins/loplat_plengi/ios"
  permission_handler_apple:
    :path: ".symlinks/plugins/permission_handler_apple/ios"
  shared_preferences_foundation:
    :path: ".symlinks/plugins/shared_preferences_foundation/darwin"
  sqflite_darwin:
    :path: ".symlinks/plugins/sqflite_darwin/darwin"

SPEC CHECKSUMS:
  Flutter: e0871f40cf51350855a761d2e70bf5af5b9b5de7
  integration_test: 252f60fa39af5e17c3aa9899d35d908a0721b573
  loplat_plengi: e619a062bfc6b8d9b6933cea5dbcb196bd49e23c
  permission_handler_apple: 9878588469a2b0d0fc1e048d9f43605f92e6cec2
  Plengi: 6742e96fe56d4beffe9c270d90be1a2e983c8d5f
  shared_preferences_foundation: fcdcbc04712aee1108ac7fda236f363274528f78
  sqflite_darwin: a553b1fd6fe66f53bbb0fe5b4f5bab93f08d7a13

PODFILE CHECKSUM: 819463e6a0290f5a72f145ba7cde16e8b6ef0796

COCOAPODS: 1.15.2
